{
  "name": "shoutpong",
  "lockfileVersion": 3,
  "requires": true,
  "packages": {
    "": {
      "dependencies": {
        "colyseus.js": "^0.15.26",
        "meyda": "^5.6.3",
        "tone": "^15.0.4"
      }
    },
    "node_modules/@babel/runtime": {
      "version": "7.26.7",
      "resolved": "https://registry.npmjs.org/@babel/runtime/-/runtime-7.26.7.tgz",
      "integrity": "sha512-AOPI3D+a8dXnja+iwsUqGRjr1BbZIe771sXdapOtYI531gSqpi92vXivKcq2asu/DFpdl1ceFAKZyRzK2PCVcQ==",
      "dependencies": {
        "regenerator-runtime": "^0.14.0"
      },
      "engines": {
        "node": ">=6.9.0"
      }
    },
    "node_modules/@colyseus/schema": {
      "version": "2.0.36",
      "resolved": "https://registry.npmjs.org/@colyseus/schema/-/schema-2.0.36.tgz",
      "integrity": "sha512-v/rHN155kFLwCPPBi+HQlbYBqh6tH3IhSVARrkAd/PLylysugbXLm2fLpX4NlEcnCakMuenXSIbhMDPXc7/jUg==",
      "bin": {
        "schema-codegen": "bin/schema-codegen"
      }
    },
    "node_modules/@rollup/plugin-node-resolve": {
      "version": "15.3.1",
      "resolved": "https://registry.npmjs.org/@rollup/plugin-node-resolve/-/plugin-node-resolve-15.3.1.tgz",
      "integrity": "sha512-tgg6b91pAybXHJQMAAwW9VuWBO6Thi+q7BCNARLwSqlmsHz0XYURtGvh/AuwSADXSI4h/2uHbs7s4FzlZDGSGA==",
      "dependencies": {
        "@rollup/pluginutils": "^5.0.1",
        "@types/resolve": "1.20.2",
        "deepmerge": "^4.2.2",
        "is-module": "^1.0.0",
        "resolve": "^1.22.1"
      },
      "engines": {
        "node": ">=14.0.0"
      },
      "peerDependencies": {
        "rollup": "^2.78.0||^3.0.0||^4.0.0"
      },
      "peerDependenciesMeta": {
        "rollup": {
          "optional": true
        }
      }
    },
    "node_modules/@rollup/pluginutils": {
      "version": "5.1.4",
      "resolved": "https://registry.npmjs.org/@rollup/pluginutils/-/pluginutils-5.1.4.tgz",
      "integrity": "sha512-USm05zrsFxYLPdWWq+K3STlWiT/3ELn3RcV5hJMghpeAIhxfsUIg6mt12CBJBInWMV4VneoV7SfGv8xIwo2qNQ==",
      "dependencies": {
        "@types/estree": "^1.0.0",
        "estree-walker": "^2.0.2",
        "picomatch": "^4.0.2"
      },
      "engines": {
        "node": ">=14.0.0"
      },
      "peerDependencies": {
        "rollup": "^1.20.0||^2.0.0||^3.0.0||^4.0.0"
      },
      "peerDependenciesMeta": {
        "rollup": {
          "optional": true
        }
      }
    },
    "node_modules/@types/estree": {
      "version": "1.0.6",
      "resolved": "https://registry.npmjs.org/@types/estree/-/estree-1.0.6.tgz",
      "integrity": "sha512-AYnb1nQyY49te+VRAVgmzfcgjYS91mY5P0TKUDCLEM+gNnA+3T6rWITXRLYCpahpqSQbN5cE+gHpnPyXjHWxcw=="
    },
    "node_modules/@types/resolve": {
      "version": "1.20.2",
      "resolved": "https://registry.npmjs.org/@types/resolve/-/resolve-1.20.2.tgz",
      "integrity": "sha512-60BCwRFOZCQhDncwQdxxeOEEkbc5dIMccYLwbxsS4TUNeVECQ/pBJ0j09mrHOl/JJvpRPGwO9SvE4nR2Nb/a4Q=="
    },
    "node_modules/automation-events": {
      "version": "7.1.5",
      "resolved": "https://registry.npmjs.org/automation-events/-/automation-events-7.1.5.tgz",
      "integrity": "sha512-1t/XcUE/nhHtAyePNZHQMU3/Ka9E0CB1aA8FpzSwc1EBHMsZBtX6H5sBNngCL7pmlxoaDrpcwwHE7Kd6lkYoWA==",
      "dependencies": {
        "@babel/runtime": "^7.26.0",
        "tslib": "^2.8.1"
      },
      "engines": {
        "node": ">=18.2.0"
      }
    },
    "node_modules/babel-plugin-add-module-exports": {
      "version": "0.2.1",
      "resolved": "https://registry.npmjs.org/babel-plugin-add-module-exports/-/babel-plugin-add-module-exports-0.2.1.tgz",
      "integrity": "sha512-3AN/9V/rKuv90NG65m4tTHsI04XrCKsWbztIcW7a8H5iIN7WlvWucRtVV0V/rT4QvtA11n5Vmp20fLwfMWqp6g=="
    },
    "node_modules/buffer-alloc": {
      "version": "1.2.0",
      "resolved": "https://registry.npmjs.org/buffer-alloc/-/buffer-alloc-1.2.0.tgz",
      "integrity": "sha512-CFsHQgjtW1UChdXgbyJGtnm+O/uLQeZdtbDo8mfUgYXCHSM1wgrVxXm6bSyrUuErEb+4sYVGCzASBRot7zyrow==",
      "dependencies": {
        "buffer-alloc-unsafe": "^1.1.0",
        "buffer-fill": "^1.0.0"
      }
    },
    "node_modules/buffer-alloc-unsafe": {
      "version": "1.1.0",
      "resolved": "https://registry.npmjs.org/buffer-alloc-unsafe/-/buffer-alloc-unsafe-1.1.0.tgz",
      "integrity": "sha512-TEM2iMIEQdJ2yjPJoSIsldnleVaAk1oW3DBVUykyOLsEsFmEc9kn+SFFPz+gl54KQNxlDnAwCXosOS9Okx2xAg=="
    },
    "node_modules/buffer-fill": {
      "version": "1.0.0",
      "resolved": "https://registry.npmjs.org/buffer-fill/-/buffer-fill-1.0.0.tgz",
      "integrity": "sha512-T7zexNBwiiaCOGDg9xNX9PBmjrubblRkENuptryuI64URkXDFum9il/JGL8Lm8wYfAXpredVXXZz7eMHilimiQ=="
    },
    "node_modules/buffer-from": {
      "version": "1.1.2",
      "resolved": "https://registry.npmjs.org/buffer-from/-/buffer-from-1.1.2.tgz",
      "integrity": "sha512-E+XQCRwSbaaiChtv6k6Dwgc+bx+Bs6vuKJHHl5kox/BaKbhiXzqQOwK4cO22yElGp2OCmjwVhT3HmxgyPGnJfQ=="
    },
    "node_modules/colyseus.js": {
      "version": "0.15.26",
      "resolved": "https://registry.npmjs.org/colyseus.js/-/colyseus.js-0.15.26.tgz",
      "integrity": "sha512-FH4sloxkVLHpLJ7+KC8nCAJ5BXgeyL8RfgzhSbm1sLVSJ91hs+ji0C8TqifwYWQa+oSE5Vr5J4r4vcIG2zM5gw==",
      "dependencies": {
        "@colyseus/schema": "^2.0.4",
        "httpie": "^2.0.0-next.13",
        "tslib": "^2.1.0",
        "ws": "^8.13.0"
      },
      "engines": {
        "node": ">= 12.x"
      },
      "funding": {
        "url": "https://github.com/sponsors/endel"
      }
    },
    "node_modules/core-util-is": {
      "version": "1.0.3",
      "resolved": "https://registry.npmjs.org/core-util-is/-/core-util-is-1.0.3.tgz",
      "integrity": "sha512-ZQBvi1DcpJ4GDqanjucZ2Hj3wEO5pZDS89BWbkcrvdxksJorwUDDZamX9ldFkp9aw2lmBDLgkObEA4DWNJ9FYQ=="
    },
    "node_modules/dct": {
      "version": "0.1.0",
      "resolved": "https://registry.npmjs.org/dct/-/dct-0.1.0.tgz",
      "integrity": "sha512-/uUtEniuMq1aUxvLAoDtAduyl12oM1zhA/le2f83UFN/9+4KDHXFB6znEfoj5SDDLiTpUTr26NpxC7t8IFOYhQ==",
      "engines": {
        "node": ">=0.12.0"
      }
    },
    "node_modules/debug": {
      "version": "2.6.9",
      "resolved": "https://registry.npmjs.org/debug/-/debug-2.6.9.tgz",
      "integrity": "sha512-bC7ElrdJaJnPbAP+1EotYvqZsb3ecl5wi6Bfi6BJTUcNowp6cvspg0jXznRTKDjm/E7AdgFBVeAPVMNcKGsHMA==",
      "dependencies": {
        "ms": "2.0.0"
      }
    },
    "node_modules/deepmerge": {
      "version": "4.3.1",
      "resolved": "https://registry.npmjs.org/deepmerge/-/deepmerge-4.3.1.tgz",
      "integrity": "sha512-3sUqbMEc77XqpdNO7FRyRog+eW3ph+GYCbj+rK+uYyRMuwsVy0rMiVtPn+QJlKFvWP/1PYpapqYn0Me2knFn+A==",
      "engines": {
        "node": ">=0.10.0"
      }
    },
    "node_modules/estree-walker": {
      "version": "2.0.2",
      "resolved": "https://registry.npmjs.org/estree-walker/-/estree-walker-2.0.2.tgz",
      "integrity": "sha512-Rfkk/Mp/DL7JVje3u18FxFujQlTNR2q6QfMSMB7AvCBx91NGj/ba3kCfza0f6dVDbw7YlRf/nDrn7pQrCCyQ/w=="
    },
    "node_modules/fftjs": {
      "version": "0.0.4",
      "resolved": "https://registry.npmjs.org/fftjs/-/fftjs-0.0.4.tgz",
      "integrity": "sha512-nIWxQyth1LVD6NH8a+YZUv+McjzbOY6dMe4wv6Pq5cGfP+c8Rd1T8Dsd50DCWlNgzSqA3y9lOkpD6dZD3qHa1A==",
      "dependencies": {
        "babel-plugin-add-module-exports": "^0.2.1"
      }
    },
    "node_modules/function-bind": {
      "version": "1.1.2",
      "resolved": "https://registry.npmjs.org/function-bind/-/function-bind-1.1.2.tgz",
      "integrity": "sha512-7XHNxH7qX9xG5mIwxkhumTox/MIRNcOgDrxWsMt2pAr23WHp6MrRlN7FBSFpCpr+oVO0F744iUgR82nJMfG2SA==",
      "funding": {
        "url": "https://github.com/sponsors/ljharb"
      }
    },
    "node_modules/hasown": {
      "version": "2.0.2",
      "resolved": "https://registry.npmjs.org/hasown/-/hasown-2.0.2.tgz",
      "integrity": "sha512-0hJU9SCPvmMzIBdZFqNPXWa6dqh7WdH0cII9y+CyS8rG3nL48Bclra9HmKhVVUHyPWNH5Y7xDwAB7bfgSjkUMQ==",
      "dependencies": {
        "function-bind": "^1.1.2"
      },
      "engines": {
        "node": ">= 0.4"
      }
    },
    "node_modules/httpie": {
      "version": "2.0.0-next.13",
      "resolved": "https://registry.npmjs.org/httpie/-/httpie-2.0.0-next.13.tgz",
      "integrity": "sha512-KbKOnq8wt0hVEfteYCSnEsPgzaWxcVc4qZ4OaDU9mVOYLRo3XChjWs3MiuRgFu5y+4JDo7sDKdKzkAn1ljQYFA==",
      "engines": {
        "node": ">=10"
      }
    },
    "node_modules/inherits": {
      "version": "2.0.4",
      "resolved": "https://registry.npmjs.org/inherits/-/inherits-2.0.4.tgz",
      "integrity": "sha512-k/vGaX4/Yla3WzyMCvTQOXYeIHvqOKtnqBduzTHpzpQZzAskKMhZ2K+EnBiSM9zGSoIFeMpXKxa4dYeZIQqewQ=="
    },
    "node_modules/is-core-module": {
      "version": "2.16.1",
      "resolved": "https://registry.npmjs.org/is-core-module/-/is-core-module-2.16.1.tgz",
      "integrity": "sha512-UfoeMA6fIJ8wTYFEUjelnaGI67v6+N7qXJEvQuIGa99l4xsCruSYOVSQ0uPANn4dAzm8lkYPaKLrrijLq7x23w==",
      "dependencies": {
        "hasown": "^2.0.2"
      },
      "engines": {
        "node": ">= 0.4"
      },
      "funding": {
        "url": "https://github.com/sponsors/ljharb"
      }
    },
    "node_modules/is-module": {
      "version": "1.0.0",
      "resolved": "https://registry.npmjs.org/is-module/-/is-module-1.0.0.tgz",
      "integrity": "sha512-51ypPSPCoTEIN9dy5Oy+h4pShgJmPCygKfyRCISBI+JoWT/2oJvK8QPxmwv7b/p239jXrm9M1mlQbyKJ5A152g=="
    },
    "node_modules/isarray": {
      "version": "0.0.1",
      "resolved": "https://registry.npmjs.org/isarray/-/isarray-0.0.1.tgz",
      "integrity": "sha512-D2S+3GLxWH+uhrNEcoh/fnmYeP8E8/zHl644d/jdA0g2uyXvy3sb0qxotE+ne0LtccHknQzWwZEzhak7oJ0COQ=="
    },
    "node_modules/meyda": {
      "version": "5.6.3",
      "resolved": "https://registry.npmjs.org/meyda/-/meyda-5.6.3.tgz",
      "integrity": "sha512-fAdwfzIi1WDoL0idUQvCD7dZ7EN74FYH83G+jZQO3Nr9yOEBtzFvcMg2KLdLlu6psSP8XFlO0kYynG5o/E681Q==",
      "dependencies": {
        "@rollup/plugin-node-resolve": "^15.2.3",
        "dct": "0.1.0",
        "fftjs": "0.0.4",
        "node-getopt": "^0.3.2",
        "wav": "^1.0.2"
      },
      "bin": {
        "meyda": "bin/cli.js"
      }
    },
    "node_modules/ms": {
      "version": "2.0.0",
      "resolved": "https://registry.npmjs.org/ms/-/ms-2.0.0.tgz",
      "integrity": "sha512-Tpp60P6IUJDTuOq/5Z8cdskzJujfwqfOTkrwIwj7IRISpnkJnT6SyJ4PCPnGMoFjC9ddhal5KVIYtAt97ix05A=="
    },
    "node_modules/node-getopt": {
      "version": "0.3.2",
      "resolved": "https://registry.npmjs.org/node-getopt/-/node-getopt-0.3.2.tgz",
      "integrity": "sha512-yqkmYrMbK1wPrfz7mgeYvA4tBperLg9FQ4S3Sau3nSAkpOA0x0zC8nQ1siBwozy1f4SE8vq2n1WKv99r+PCa1Q==",
      "engines": {
        "node": ">= 0.6.0"
      }
    },
    "node_modules/path-parse": {
      "version": "1.0.7",
      "resolved": "https://registry.npmjs.org/path-parse/-/path-parse-1.0.7.tgz",
      "integrity": "sha512-LDJzPVEEEPR+y48z93A0Ed0yXb8pAByGWo/k5YYdYgpY2/2EsOsksJrq7lOHxryrVOn1ejG6oAp8ahvOIQD8sw=="
    },
    "node_modules/picomatch": {
      "version": "4.0.2",
      "resolved": "https://registry.npmjs.org/picomatch/-/picomatch-4.0.2.tgz",
      "integrity": "sha512-M7BAV6Rlcy5u+m6oPhAPFgJTzAioX/6B0DxyvDlo9l8+T3nLKbrczg2WLUyzd45L8RqfUMyGPzekbMvX2Ldkwg==",
      "engines": {
        "node": ">=12"
      },
      "funding": {
        "url": "https://github.com/sponsors/jonschlinkert"
      }
    },
    "node_modules/readable-stream": {
      "version": "1.1.14",
      "resolved": "https://registry.npmjs.org/readable-stream/-/readable-stream-1.1.14.tgz",
      "integrity": "sha512-+MeVjFf4L44XUkhM1eYbD8fyEsxcV81pqMSR5gblfcLCHfZvbrqy4/qYHE+/R5HoBUT11WV5O08Cr1n3YXkWVQ==",
      "dependencies": {
        "core-util-is": "~1.0.0",
        "inherits": "~2.0.1",
        "isarray": "0.0.1",
        "string_decoder": "~0.10.x"
      }
    },
    "node_modules/regenerator-runtime": {
      "version": "0.14.1",
      "resolved": "https://registry.npmjs.org/regenerator-runtime/-/regenerator-runtime-0.14.1.tgz",
      "integrity": "sha512-dYnhHh0nJoMfnkZs6GmmhFknAGRrLznOu5nc9ML+EJxGvrx6H7teuevqVqCuPcPK//3eDrrjQhehXVx9cnkGdw=="
    },
    "node_modules/resolve": {
      "version": "1.22.10",
      "resolved": "https://registry.npmjs.org/resolve/-/resolve-1.22.10.tgz",
      "integrity": "sha512-NPRy+/ncIMeDlTAsuqwKIiferiawhefFJtkNSW0qZJEqMEb+qBt/77B/jGeeek+F0uOeN05CDa6HXbbIgtVX4w==",
      "dependencies": {
        "is-core-module": "^2.16.0",
        "path-parse": "^1.0.7",
        "supports-preserve-symlinks-flag": "^1.0.0"
      },
      "bin": {
        "resolve": "bin/resolve"
      },
      "engines": {
        "node": ">= 0.4"
      },
      "funding": {
        "url": "https://github.com/sponsors/ljharb"
      }
    },
    "node_modules/standardized-audio-context": {
      "version": "25.3.77",
      "resolved": "https://registry.npmjs.org/standardized-audio-context/-/standardized-audio-context-25.3.77.tgz",
      "integrity": "sha512-Ki9zNz6pKcC5Pi+QPjPyVsD9GwJIJWgryji0XL9cAJXMGyn+dPOf6Qik1AHei0+UNVcc4BOCa0hWLBzlwqsW/A==",
      "dependencies": {
        "@babel/runtime": "^7.25.6",
        "automation-events": "^7.0.9",
        "tslib": "^2.7.0"
      }
    },
    "node_modules/stream-parser": {
      "version": "0.3.1",
      "resolved": "https://registry.npmjs.org/stream-parser/-/stream-parser-0.3.1.tgz",
      "integrity": "sha512-bJ/HgKq41nlKvlhccD5kaCr/P+Hu0wPNKPJOH7en+YrJu/9EgqUF+88w5Jb6KNcjOFMhfX4B2asfeAtIGuHObQ==",
      "dependencies": {
        "debug": "2"
      }
    },
    "node_modules/string_decoder": {
      "version": "0.10.31",
      "resolved": "https://registry.npmjs.org/string_decoder/-/string_decoder-0.10.31.tgz",
      "integrity": "sha512-ev2QzSzWPYmy9GuqfIVildA4OdcGLeFZQrq5ys6RtiuF+RQQiZWr8TZNyAcuVXyQRYfEO+MsoB/1BuQVhOJuoQ=="
    },
    "node_modules/supports-preserve-symlinks-flag": {
      "version": "1.0.0",
      "resolved": "https://registry.npmjs.org/supports-preserve-symlinks-flag/-/supports-preserve-symlinks-flag-1.0.0.tgz",
      "integrity": "sha512-ot0WnXS9fgdkgIcePe6RHNk1WA8+muPa6cSjeR3V8K27q9BB1rTE3R1p7Hv0z1ZyAc8s6Vvv8DIyWf681MAt0w==",
      "engines": {
        "node": ">= 0.4"
      },
      "funding": {
        "url": "https://github.com/sponsors/ljharb"
      }
    },
    "node_modules/tone": {
      "version": "15.0.4",
      "resolved": "https://registry.npmjs.org/tone/-/tone-15.0.4.tgz",
      "integrity": "sha512-Fr2xATgdkNhzwMZhrU0DXpkXQyambq73hjHRrBiC0Wkc6aPYRdmkySE9kRFAW878zgMiD+Lqvn/uNHt/7hbdnQ==",
      "dependencies": {
        "standardized-audio-context": "^25.3.70",
        "tslib": "^2.3.1"
      }
    },
    "node_modules/tslib": {
      "version": "2.8.1",
      "resolved": "https://registry.npmjs.org/tslib/-/tslib-2.8.1.tgz",
      "integrity": "sha512-oJFu94HQb+KVduSUQL7wnpmqnfmLsOA/nAh6b6EH0wCEoK0/mPeXU6c3wKDV83MkOuHPRHtSXKKU99IBazS/2w=="
    },
    "node_modules/wav": {
      "version": "1.0.2",
      "resolved": "https://registry.npmjs.org/wav/-/wav-1.0.2.tgz",
      "integrity": "sha512-viHtz3cDd/Tcr/HbNqzQCofKdF6kWUymH9LGDdskfWFoIy/HJ+RTihgjEcHfnsy1PO4e9B+y4HwgTwMrByquhg==",
      "dependencies": {
        "buffer-alloc": "^1.1.0",
        "buffer-from": "^1.0.0",
        "debug": "^2.2.0",
        "readable-stream": "^1.1.14",
        "stream-parser": "^0.3.1"
      }
    },
    "node_modules/ws": {
      "version": "8.18.0",
      "resolved": "https://registry.npmjs.org/ws/-/ws-8.18.0.tgz",
      "integrity": "sha512-8VbfWfHLbbwu3+N6OKsOMpBdT4kXPDDB9cJk2bJ6mh9ucxdlnNvH1e+roYkKmN9Nxw2yjz7VzeO9oOz2zJ04Pw==",
      "engines": {
        "node": ">=10.0.0"
      },
      "peerDependencies": {
        "bufferutil": "^4.0.1",
        "utf-8-validate": ">=5.0.2"
      },
      "peerDependenciesMeta": {
        "bufferutil": {
          "optional": true
        },
        "utf-8-validate": {
          "optional": true
        }
      }
    }
  }
}
